# This file was autogenerated by Stack.
# You should not edit this file by hand.
# For more information, please see the documentation at:
#   https://docs.haskellstack.org/en/stable/lock_files

packages:
- completed:
    hackage: hakyll-4.16.2.0@sha256:5c69aeac558050c94763a5630cfb60ea40f67bdc9b0e9796fbf7fc9564d4aadd,10367
    pantry-tree:
      sha256: b1d3e88bb48dba322be303721045b67d46183bf3e32d9fba451d4cade172787f
      size: 9413
  original:
    hackage: hakyll-4.16.2.0
snapshots:
- completed:
    sha256: 428ec8d5ce932190d3cbe266b9eb3c175cd81e984babf876b64019e2cbe4ea68
    size: 590100
    url: https://raw.githubusercontent.com/commercialhaskell/stackage-snapshots/master/lts/18/28.yaml
  original: lts-18.28
